
Microsoft Visual Studio Solution File, Format Version 12.00
# Visual Studio 15
VisualStudioVersion = 15.0.26730.16
MinimumVisualStudioVersion = 10.0.40219.1
Project("{9A19103F-16F7-4668-BE54-9A1E7A4F7556}") = "atheneum.Core", "atheneum.Core\atheneum.Core.csproj", "{6A59CFE6-FC2F-411C-B06B-8851F13D7FCD}"
EndProject
Project("{FAE04EC0-301F-11D3-BF4B-00C04F79EFBC}") = "atheneum.Test", "atheneum.Test\atheneum.Test.csproj", "{4D0982A4-918F-481B-9139-73D15DAFDF98}"
EndProject
Project("{FAE04EC0-301F-11D3-BF4B-00C04F79EFBC}") = "atheneum.Services", "atheneum.Services\atheneum.Services.csproj", "{CA97CBCD-6517-4E57-A98C-70981122A5E7}"
EndProject
Global
	GlobalSection(SolutionConfigurationPlatforms) = preSolution
		Debug|Any CPU = Debug|Any CPU
		Release|Any CPU = Release|Any CPU
	EndGlobalSection
	GlobalSection(ProjectConfigurationPlatforms) = postSolution
		{6A59CFE6-FC2F-411C-B06B-8851F13D7FCD}.Debug|Any CPU.ActiveCfg = Debug|Any CPU
		{6A59CFE6-FC2F-411C-B06B-8851F13D7FCD}.Debug|Any CPU.Build.0 = Debug|Any CPU
		{6A59CFE6-FC2F-411C-B06B-8851F13D7FCD}.Release|Any CPU.ActiveCfg = Release|Any CPU
		{6A59CFE6-FC2F-411C-B06B-8851F13D7FCD}.Release|Any CPU.Build.0 = Release|Any CPU
		{4D0982A4-918F-481B-9139-73D15DAFDF98}.Debug|Any CPU.ActiveCfg = Debug|Any CPU
		{4D0982A4-918F-481B-9139-73D15DAFDF98}.Debug|Any CPU.Build.0 = Debug|Any CPU
		{4D0982A4-918F-481B-9139-73D15DAFDF98}.Release|Any CPU.ActiveCfg = Release|Any CPU
		{4D0982A4-918F-481B-9139-73D15DAFDF98}.Release|Any CPU.Build.0 = Release|Any CPU
		{CA97CBCD-6517-4E57-A98C-70981122A5E7}.Debug|Any CPU.ActiveCfg = Debug|Any CPU
		{CA97CBCD-6517-4E57-A98C-70981122A5E7}.Debug|Any CPU.Build.0 = Debug|Any CPU
		{CA97CBCD-6517-4E57-A98C-70981122A5E7}.Release|Any CPU.ActiveCfg = Release|Any CPU
		{CA97CBCD-6517-4E57-A98C-70981122A5E7}.Release|Any CPU.Build.0 = Release|Any CPU
	EndGlobalSection
	GlobalSection(SolutionProperties) = preSolution
		HideSolutionNode = FALSE
	EndGlobalSection
	GlobalSection(ExtensibilityGlobals) = postSolution
		SolutionGuid = {BC4ED41A-DE89-4AB9-A624-4DBBCFBFAA0A}
	EndGlobalSection
EndGlobal
